Microsoft Visual Studio Solution File, Format Version 12.00
# Visual Studio Version 17
VisualStudioVersion = 17.5.2.0
MinimumVisualStudioVersion = 10.0.40219.1
Project("{2150E333-8FDC-42A3-9474-1A3956D46DE8}") = "src", "src", "{827E0CD3-B72D-47B6-A68D-7590B98EB39B}"
EndProject
Project("{FAE04EC0-301F-11D3-BF4B-00C04F79EFBC}") = "AgroRammer", "src\AgroRammer\AgroRammer.csproj", "{8E43E864-B003-D22F-8DAB-99241A78C79F}"
EndProject
Project("{FAE04EC0-301F-11D3-BF4B-00C04F79EFBC}") = "Drift", "src\Drift\Drift.csproj", "{B554AD44-1113-8AF0-9BF3-70643AA7CFE0}"
EndProject
Project("{FAE04EC0-301F-11D3-BF4B-00C04F79EFBC}") = "Greedy", "src\Greedy\Greedy.csproj", "{56A8136D-2134-0F20-D03D-0C50FF5B9434}"
EndProject
Project("{FAE04EC0-301F-11D3-BF4B-00C04F79EFBC}") = "Sniper", "src\Sniper\Sniper.csproj", "{C1782A5D-71D9-3887-4548-E0E8A3FDB13B}"
EndProject
Global
	GlobalSection(SolutionConfigurationPlatforms) = preSolution
		Debug|Any CPU = Debug|Any CPU
		Release|Any CPU = Release|Any CPU
	EndGlobalSection
	GlobalSection(ProjectConfigurationPlatforms) = postSolution
		{8E43E864-B003-D22F-8DAB-99241A78C79F}.Debug|Any CPU.ActiveCfg = Debug|Any CPU
		{8E43E864-B003-D22F-8DAB-99241A78C79F}.Debug|Any CPU.Build.0 = Debug|Any CPU
		{8E43E864-B003-D22F-8DAB-99241A78C79F}.Release|Any CPU.ActiveCfg = Release|Any CPU
		{8E43E864-B003-D22F-8DAB-99241A78C79F}.Release|Any CPU.Build.0 = Release|Any CPU
		{B554AD44-1113-8AF0-9BF3-70643AA7CFE0}.Debug|Any CPU.ActiveCfg = Debug|Any CPU
		{B554AD44-1113-8AF0-9BF3-70643AA7CFE0}.Debug|Any CPU.Build.0 = Debug|Any CPU
		{B554AD44-1113-8AF0-9BF3-70643AA7CFE0}.Release|Any CPU.ActiveCfg = Release|Any CPU
		{B554AD44-1113-8AF0-9BF3-70643AA7CFE0}.Release|Any CPU.Build.0 = Release|Any CPU
		{56A8136D-2134-0F20-D03D-0C50FF5B9434}.Debug|Any CPU.ActiveCfg = Debug|Any CPU
		{56A8136D-2134-0F20-D03D-0C50FF5B9434}.Debug|Any CPU.Build.0 = Debug|Any CPU
		{56A8136D-2134-0F20-D03D-0C50FF5B9434}.Release|Any CPU.ActiveCfg = Release|Any CPU
		{56A8136D-2134-0F20-D03D-0C50FF5B9434}.Release|Any CPU.Build.0 = Release|Any CPU
		{C1782A5D-71D9-3887-4548-E0E8A3FDB13B}.Debug|Any CPU.ActiveCfg = Debug|Any CPU
		{C1782A5D-71D9-3887-4548-E0E8A3FDB13B}.Debug|Any CPU.Build.0 = Debug|Any CPU
		{C1782A5D-71D9-3887-4548-E0E8A3FDB13B}.Release|Any CPU.ActiveCfg = Release|Any CPU
		{C1782A5D-71D9-3887-4548-E0E8A3FDB13B}.Release|Any CPU.Build.0 = Release|Any CPU
	EndGlobalSection
	GlobalSection(SolutionProperties) = preSolution
		HideSolutionNode = FALSE
	EndGlobalSection
	GlobalSection(NestedProjects) = preSolution
		{8E43E864-B003-D22F-8DAB-99241A78C79F} = {827E0CD3-B72D-47B6-A68D-7590B98EB39B}
		{B554AD44-1113-8AF0-9BF3-70643AA7CFE0} = {827E0CD3-B72D-47B6-A68D-7590B98EB39B}
		{56A8136D-2134-0F20-D03D-0C50FF5B9434} = {827E0CD3-B72D-47B6-A68D-7590B98EB39B}
		{C1782A5D-71D9-3887-4548-E0E8A3FDB13B} = {827E0CD3-B72D-47B6-A68D-7590B98EB39B}
	EndGlobalSection
	GlobalSection(ExtensibilityGlobals) = postSolution
		SolutionGuid = {20C7368F-B8CD-48C5-919E-AAB60ADE25D5}
	EndGlobalSection
EndGlobal
