Microsoft Visual Studio Solution File, Format Version 12.00
# Visual Studio Version 17
VisualStudioVersion = 17.5.2.0
MinimumVisualStudioVersion = 10.0.40219.1
Project("{FAE04EC0-301F-11D3-BF4B-00C04F79EFBC}") = "AgroRammer", "AgroRammer\AgroRammer.csproj", "{347AAB74-5305-4089-33DD-6FD07801EACB}"
EndProject
Project("{FAE04EC0-301F-11D3-BF4B-00C04F79EFBC}") = "Drift", "Drift\Drift.csproj", "{2BB5F3C5-C966-2DAA-B4BA-9F4EDF1F37F0}"
EndProject
Project("{FAE04EC0-301F-11D3-BF4B-00C04F79EFBC}") = "HitnRun", "HitnRun\HitnRun.csproj", "{03409CEF-C8F8-FF19-80FF-FCD4FBA97F09}"
EndProject
Project("{FAE04EC0-301F-11D3-BF4B-00C04F79EFBC}") = "Sniper", "Sniper\Sniper.csproj", "{A6476354-44CF-C8F8-07C4-F293D7DDE17C}"
EndProject
Global
	GlobalSection(SolutionConfigurationPlatforms) = preSolution
		Debug|Any CPU = Debug|Any CPU
		Release|Any CPU = Release|Any CPU
	EndGlobalSection
	GlobalSection(ProjectConfigurationPlatforms) = postSolution
		{347AAB74-5305-4089-33DD-6FD07801EACB}.Debug|Any CPU.ActiveCfg = Debug|Any CPU
		{347AAB74-5305-4089-33DD-6FD07801EACB}.Debug|Any CPU.Build.0 = Debug|Any CPU
		{347AAB74-5305-4089-33DD-6FD07801EACB}.Release|Any CPU.ActiveCfg = Release|Any CPU
		{347AAB74-5305-4089-33DD-6FD07801EACB}.Release|Any CPU.Build.0 = Release|Any CPU
		{2BB5F3C5-C966-2DAA-B4BA-9F4EDF1F37F0}.Debug|Any CPU.ActiveCfg = Debug|Any CPU
		{2BB5F3C5-C966-2DAA-B4BA-9F4EDF1F37F0}.Debug|Any CPU.Build.0 = Debug|Any CPU
		{2BB5F3C5-C966-2DAA-B4BA-9F4EDF1F37F0}.Release|Any CPU.ActiveCfg = Release|Any CPU
		{2BB5F3C5-C966-2DAA-B4BA-9F4EDF1F37F0}.Release|Any CPU.Build.0 = Release|Any CPU
		{03409CEF-C8F8-FF19-80FF-FCD4FBA97F09}.Debug|Any CPU.ActiveCfg = Debug|Any CPU
		{03409CEF-C8F8-FF19-80FF-FCD4FBA97F09}.Debug|Any CPU.Build.0 = Debug|Any CPU
		{03409CEF-C8F8-FF19-80FF-FCD4FBA97F09}.Release|Any CPU.ActiveCfg = Release|Any CPU
		{03409CEF-C8F8-FF19-80FF-FCD4FBA97F09}.Release|Any CPU.Build.0 = Release|Any CPU
		{A6476354-44CF-C8F8-07C4-F293D7DDE17C}.Debug|Any CPU.ActiveCfg = Debug|Any CPU
		{A6476354-44CF-C8F8-07C4-F293D7DDE17C}.Debug|Any CPU.Build.0 = Debug|Any CPU
		{A6476354-44CF-C8F8-07C4-F293D7DDE17C}.Release|Any CPU.ActiveCfg = Release|Any CPU
		{A6476354-44CF-C8F8-07C4-F293D7DDE17C}.Release|Any CPU.Build.0 = Release|Any CPU
	EndGlobalSection
	GlobalSection(SolutionProperties) = preSolution
		HideSolutionNode = FALSE
	EndGlobalSection
	GlobalSection(ExtensibilityGlobals) = postSolution
		SolutionGuid = {0200CC73-F76B-4702-8015-7738AEFD1A84}
	EndGlobalSection
EndGlobal
